
Microsoft Visual Studio Solution File, Format Version 12.00
# Visual Studio 15
Project("{FAE04EC0-301F-11D3-BF4B-00C04F79EFBC}") = "ShowHideLabel.Android", "ShowHideLabel.Android\ShowHideLabel.Android.csproj", "{57A18E97-A7BB-404C-A25A-ACDFD7074A13}"
EndProject
Project("{FAE04EC0-301F-11D3-BF4B-00C04F79EFBC}") = "ShowHideLabel.iOS", "ShowHideLabel.iOS\ShowHideLabel.iOS.csproj", "{93CE0F52-B83E-4EC8-8BC1-9990DF19013F}"
EndProject
Project("{FAE04EC0-301F-11D3-BF4B-00C04F79EFBC}") = "ShowHideLabel", "ShowHideLabel\ShowHideLabel.csproj", "{343BA362-267C-4DDF-AE38-BC97E0E55EE6}"
EndProject
Global
	GlobalSection(SolutionConfigurationPlatforms) = preSolution
		Debug|Any CPU = Debug|Any CPU
		Release|Any CPU = Release|Any CPU
		Debug|iPhoneSimulator = Debug|iPhoneSimulator
		Release|iPhoneSimulator = Release|iPhoneSimulator
		Debug|iPhone = Debug|iPhone
		Release|iPhone = Release|iPhone
	EndGlobalSection
	GlobalSection(ProjectConfigurationPlatforms) = postSolution
		{57A18E97-A7BB-404C-A25A-ACDFD7074A13}.Debug|Any CPU.ActiveCfg = Debug|Any CPU
		{57A18E97-A7BB-404C-A25A-ACDFD7074A13}.Debug|Any CPU.Build.0 = Debug|Any CPU
		{57A18E97-A7BB-404C-A25A-ACDFD7074A13}.Release|Any CPU.ActiveCfg = Release|Any CPU
		{57A18E97-A7BB-404C-A25A-ACDFD7074A13}.Release|Any CPU.Build.0 = Release|Any CPU
		{57A18E97-A7BB-404C-A25A-ACDFD7074A13}.Debug|iPhoneSimulator.ActiveCfg = Debug|Any CPU
		{57A18E97-A7BB-404C-A25A-ACDFD7074A13}.Debug|iPhoneSimulator.Build.0 = Debug|Any CPU
		{57A18E97-A7BB-404C-A25A-ACDFD7074A13}.Release|iPhoneSimulator.ActiveCfg = Release|Any CPU
		{57A18E97-A7BB-404C-A25A-ACDFD7074A13}.Release|iPhoneSimulator.Build.0 = Release|Any CPU
		{57A18E97-A7BB-404C-A25A-ACDFD7074A13}.Debug|iPhone.ActiveCfg = Debug|Any CPU
		{57A18E97-A7BB-404C-A25A-ACDFD7074A13}.Debug|iPhone.Build.0 = Debug|Any CPU
		{57A18E97-A7BB-404C-A25A-ACDFD7074A13}.Release|iPhone.ActiveCfg = Release|Any CPU
		{57A18E97-A7BB-404C-A25A-ACDFD7074A13}.Release|iPhone.Build.0 = Release|Any CPU
		{93CE0F52-B83E-4EC8-8BC1-9990DF19013F}.Debug|Any CPU.ActiveCfg = Debug|iPhoneSimulator
		{93CE0F52-B83E-4EC8-8BC1-9990DF19013F}.Debug|Any CPU.Build.0 = Debug|iPhoneSimulator
		{93CE0F52-B83E-4EC8-8BC1-9990DF19013F}.Release|Any CPU.ActiveCfg = Release|iPhoneSimulator
		{93CE0F52-B83E-4EC8-8BC1-9990DF19013F}.Release|Any CPU.Build.0 = Release|iPhoneSimulator
		{93CE0F52-B83E-4EC8-8BC1-9990DF19013F}.Debug|iPhoneSimulator.ActiveCfg = Debug|iPhoneSimulator
		{93CE0F52-B83E-4EC8-8BC1-9990DF19013F}.Debug|iPhoneSimulator.Build.0 = Debug|iPhoneSimulator
		{93CE0F52-B83E-4EC8-8BC1-9990DF19013F}.Release|iPhoneSimulator.ActiveCfg = Release|iPhoneSimulator
		{93CE0F52-B83E-4EC8-8BC1-9990DF19013F}.Release|iPhoneSimulator.Build.0 = Release|iPhoneSimulator
		{93CE0F52-B83E-4EC8-8BC1-9990DF19013F}.Debug|iPhone.ActiveCfg = Debug|iPhone
		{93CE0F52-B83E-4EC8-8BC1-9990DF19013F}.Debug|iPhone.Build.0 = Debug|iPhone
		{93CE0F52-B83E-4EC8-8BC1-9990DF19013F}.Release|iPhone.ActiveCfg = Release|iPhone
		{93CE0F52-B83E-4EC8-8BC1-9990DF19013F}.Release|iPhone.Build.0 = Release|iPhone
		{343BA362-267C-4DDF-AE38-BC97E0E55EE6}.Debug|Any CPU.ActiveCfg = Debug|Any CPU
		{343BA362-267C-4DDF-AE38-BC97E0E55EE6}.Debug|Any CPU.Build.0 = Debug|Any CPU
		{343BA362-267C-4DDF-AE38-BC97E0E55EE6}.Release|Any CPU.ActiveCfg = Release|Any CPU
		{343BA362-267C-4DDF-AE38-BC97E0E55EE6}.Release|Any CPU.Build.0 = Release|Any CPU
		{343BA362-267C-4DDF-AE38-BC97E0E55EE6}.Debug|iPhoneSimulator.ActiveCfg = Debug|Any CPU
		{343BA362-267C-4DDF-AE38-BC97E0E55EE6}.Debug|iPhoneSimulator.Build.0 = Debug|Any CPU
		{343BA362-267C-4DDF-AE38-BC97E0E55EE6}.Release|iPhoneSimulator.ActiveCfg = Release|Any CPU
		{343BA362-267C-4DDF-AE38-BC97E0E55EE6}.Release|iPhoneSimulator.Build.0 = Release|Any CPU
		{343BA362-267C-4DDF-AE38-BC97E0E55EE6}.Debug|iPhone.ActiveCfg = Debug|Any CPU
		{343BA362-267C-4DDF-AE38-BC97E0E55EE6}.Debug|iPhone.Build.0 = Debug|Any CPU
		{343BA362-267C-4DDF-AE38-BC97E0E55EE6}.Release|iPhone.ActiveCfg = Release|Any CPU
		{343BA362-267C-4DDF-AE38-BC97E0E55EE6}.Release|iPhone.Build.0 = Release|Any CPU
	EndGlobalSection
EndGlobal
